<?xml version="1.0" encoding="utf-8"?>
<Project ToolsVersion="4.0" xmlns="http://schemas.microsoft.com/developer/msbuild/2003">
  <ItemGroup>
    <Filter Include="Source Files">
      <UniqueIdentifier>{4FC737F1-C7A5-4376-A066-2A32D752A2FF}</UniqueIdentifier>
      <Extensions>cpp;c;cc;cxx;def;odl;idl;hpj;bat;asm;asmx</Extensions>
    </Filter>
    <Filter Include="Header Files">
      <UniqueIdentifier>{93995380-89BD-4b04-88EB-625FBE52EBFB}</UniqueIdentifier>
      <Extensions>h;hh;hpp;hxx;hm;inl;inc;ipp;xsd</Extensions>
    </Filter>
    <Filter Include="Resource Files">
      <UniqueIdentifier>{67DA6AB6-F800-4c08-8B7A-83BB121AAD01}</UniqueIdentifier>
      <Extensions>rc;ico;cur;bmp;dlg;rc2;rct;bin;rgs;gif;jpg;jpeg;jpe;resx;tiff;tif;png;wav;mfcribbon-ms</Extensions>
    </Filter>
  </ItemGroup>
  <ItemGroup>
    <ClInclude Include="stdafx.h">
      <Filter>Header Files</Filter>
    </ClInclude>
    <ClInclude Include="targetver.h">
      <Filter>Header Files</Filter>
    </ClInclude>
    <ClInclude Include="duilib\Control\UIActiveX.h">
      <Filter>Header Files</Filter>
    </ClInclude>
    <ClInclude Include="duilib\Control\UIButton.h">
      <Filter>Header Files</Filter>
    </ClInclude>
    <ClInclude Include="duilib\Control\UICheckBox.h">
      <Filter>Header Files</Filter>
    </ClInclude>
    <ClInclude Include="duilib\Control\UICombo.h">
      <Filter>Header Files</Filter>
    </ClInclude>
    <ClInclude Include="duilib\Control\UIDateTime.h">
      <Filter>Header Files</Filter>
    </ClInclude>
    <ClInclude Include="duilib\Control\UIEdit.h">
      <Filter>Header Files</Filter>
    </ClInclude>
    <ClInclude Include="duilib\Control\UIFlash.h">
      <Filter>Header Files</Filter>
    </ClInclude>
    <ClInclude Include="duilib\Control\UIGifAnim.h">
      <Filter>Header Files</Filter>
    </ClInclude>
    <ClInclude Include="duilib\Control\UILabel.h">
      <Filter>Header Files</Filter>
    </ClInclude>
    <ClInclude Include="duilib\Control\UIList.h">
      <Filter>Header Files</Filter>
    </ClInclude>
    <ClInclude Include="duilib\Control\UIOption.h">
      <Filter>Header Files</Filter>
    </ClInclude>
    <ClInclude Include="duilib\Control\UIProgress.h">
      <Filter>Header Files</Filter>
    </ClInclude>
    <ClInclude Include="duilib\Control\UIRichEdit.h">
      <Filter>Header Files</Filter>
    </ClInclude>
    <ClInclude Include="duilib\Control\UIScrollBar.h">
      <Filter>Header Files</Filter>
    </ClInclude>
    <ClInclude Include="duilib\Control\UISlider.h">
      <Filter>Header Files</Filter>
    </ClInclude>
    <ClInclude Include="duilib\Control\UIText.h">
      <Filter>Header Files</Filter>
    </ClInclude>
    <ClInclude Include="duilib\Control\UITreeView.h">
      <Filter>Header Files</Filter>
    </ClInclude>
    <ClInclude Include="duilib\Control\UIWebBrowser.h">
      <Filter>Header Files</Filter>
    </ClInclude>
    <ClInclude Include="duilib\Core\UIBase.h">
      <Filter>Header Files</Filter>
    </ClInclude>
    <ClInclude Include="duilib\Core\UIContainer.h">
      <Filter>Header Files</Filter>
    </ClInclude>
    <ClInclude Include="duilib\Core\UIControl.h">
      <Filter>Header Files</Filter>
    </ClInclude>
    <ClInclude Include="duilib\Core\UIDefine.h">
      <Filter>Header Files</Filter>
    </ClInclude>
    <ClInclude Include="duilib\Core\UIDlgBuilder.h">
      <Filter>Header Files</Filter>
    </ClInclude>
    <ClInclude Include="duilib\Core\UIManager.h">
      <Filter>Header Files</Filter>
    </ClInclude>
    <ClInclude Include="duilib\Core\UIMarkup.h">
      <Filter>Header Files</Filter>
    </ClInclude>
    <ClInclude Include="duilib\Core\UIRender.h">
      <Filter>Header Files</Filter>
    </ClInclude>
    <ClInclude Include="duilib\Layout\UIChildLayout.h">
      <Filter>Header Files</Filter>
    </ClInclude>
    <ClInclude Include="duilib\Layout\UIHorizontalLayout.h">
      <Filter>Header Files</Filter>
    </ClInclude>
    <ClInclude Include="duilib\Layout\UITabLayout.h">
      <Filter>Header Files</Filter>
    </ClInclude>
    <ClInclude Include="duilib\Layout\UITileLayout.h">
      <Filter>Header Files</Filter>
    </ClInclude>
    <ClInclude Include="duilib\Layout\UIVerticalLayout.h">
      <Filter>Header Files</Filter>
    </ClInclude>
    <ClInclude Include="duilib\Utils\downloadmgr.h">
      <Filter>Header Files</Filter>
    </ClInclude>
    <ClInclude Include="duilib\Utils\FlashEventHandler.h">
      <Filter>Header Files</Filter>
    </ClInclude>
    <ClInclude Include="duilib\Utils\stb_image.h">
      <Filter>Header Files</Filter>
    </ClInclude>
    <ClInclude Include="duilib\Utils\UIDelegate.h">
      <Filter>Header Files</Filter>
    </ClInclude>
    <ClInclude Include="duilib\Utils\Utils.h">
      <Filter>Header Files</Filter>
    </ClInclude>
    <ClInclude Include="duilib\Utils\WebBrowserEventHandler.h">
      <Filter>Header Files</Filter>
    </ClInclude>
    <ClInclude Include="duilib\Utils\WinImplBase.h">
      <Filter>Header Files</Filter>
    </ClInclude>
    <ClInclude Include="duilib\Utils\WndShadow.h">
      <Filter>Header Files</Filter>
    </ClInclude>
    <ClInclude Include="duilib\UIlib.h">
      <Filter>Header Files</Filter>
    </ClInclude>
    <ClInclude Include="log\log4z.h">
      <Filter>Header Files</Filter>
    </ClInclude>
    <ClInclude Include="UIApplication.h">
      <Filter>Header Files</Filter>
    </ClInclude>
    <ClInclude Include="UIWindow.h">
      <Filter>Header Files</Filter>
    </ClInclude>
    <ClInclude Include="base\Criticalsection.h">
      <Filter>Header Files</Filter>
    </ClInclude>
    <ClInclude Include="base\RefBase.h">
      <Filter>Header Files</Filter>
    </ClInclude>
  </ItemGroup>
  <ItemGroup>
    <ClCompile Include="stdafx.cpp">
      <Filter>Source Files</Filter>
    </ClCompile>
    <ClCompile Include="duilib\Control\UIActiveX.cpp">
      <Filter>Source Files</Filter>
    </ClCompile>
    <ClCompile Include="duilib\Control\UIButton.cpp">
      <Filter>Source Files</Filter>
    </ClCompile>
    <ClCompile Include="duilib\Control\UICheckBox.cpp">
      <Filter>Source Files</Filter>
    </ClCompile>
    <ClCompile Include="duilib\Control\UICombo.cpp">
      <Filter>Source Files</Filter>
    </ClCompile>
    <ClCompile Include="duilib\Control\UIDateTime.cpp">
      <Filter>Source Files</Filter>
    </ClCompile>
    <ClCompile Include="duilib\Control\UIEdit.cpp">
      <Filter>Source Files</Filter>
    </ClCompile>
    <ClCompile Include="duilib\Control\UIFlash.cpp">
      <Filter>Source Files</Filter>
    </ClCompile>
    <ClCompile Include="duilib\Control\UIGifAnim.cpp">
      <Filter>Source Files</Filter>
    </ClCompile>
    <ClCompile Include="duilib\Control\UILabel.cpp">
      <Filter>Source Files</Filter>
    </ClCompile>
    <ClCompile Include="duilib\Control\UIList.cpp">
      <Filter>Source Files</Filter>
    </ClCompile>
    <ClCompile Include="duilib\Control\UIOption.cpp">
      <Filter>Source Files</Filter>
    </ClCompile>
    <ClCompile Include="duilib\Control\UIProgress.cpp">
      <Filter>Source Files</Filter>
    </ClCompile>
    <ClCompile Include="duilib\Control\UIRichEdit.cpp">
      <Filter>Source Files</Filter>
    </ClCompile>
    <ClCompile Include="duilib\Control\UIScrollBar.cpp">
      <Filter>Source Files</Filter>
    </ClCompile>
    <ClCompile Include="duilib\Control\UISlider.cpp">
      <Filter>Source Files</Filter>
    </ClCompile>
    <ClCompile Include="duilib\Control\UIText.cpp">
      <Filter>Source Files</Filter>
    </ClCompile>
    <ClCompile Include="duilib\Control\UITreeView.cpp">
      <Filter>Source Files</Filter>
    </ClCompile>
    <ClCompile Include="duilib\Control\UIWebBrowser.cpp">
      <Filter>Source Files</Filter>
    </ClCompile>
    <ClCompile Include="duilib\Core\UIBase.cpp">
      <Filter>Source Files</Filter>
    </ClCompile>
    <ClCompile Include="duilib\Core\UIContainer.cpp">
      <Filter>Source Files</Filter>
    </ClCompile>
    <ClCompile Include="duilib\Core\UIControl.cpp">
      <Filter>Source Files</Filter>
    </ClCompile>
    <ClCompile Include="duilib\Core\UIDlgBuilder.cpp">
      <Filter>Source Files</Filter>
    </ClCompile>
    <ClCompile Include="duilib\Core\UIManager.cpp">
      <Filter>Source Files</Filter>
    </ClCompile>
    <ClCompile Include="duilib\Core\UIMarkup.cpp">
      <Filter>Source Files</Filter>
    </ClCompile>
    <ClCompile Include="duilib\Core\UIRender.cpp">
      <Filter>Source Files</Filter>
    </ClCompile>
    <ClCompile Include="duilib\Layout\UIChildLayout.cpp">
      <Filter>Source Files</Filter>
    </ClCompile>
    <ClCompile Include="duilib\Layout\UIHorizontalLayout.cpp">
      <Filter>Source Files</Filter>
    </ClCompile>
    <ClCompile Include="duilib\Layout\UITabLayout.cpp">
      <Filter>Source Files</Filter>
    </ClCompile>
    <ClCompile Include="duilib\Layout\UITileLayout.cpp">
      <Filter>Source Files</Filter>
    </ClCompile>
    <ClCompile Include="duilib\Layout\UIVerticalLayout.cpp">
      <Filter>Source Files</Filter>
    </ClCompile>
    <ClCompile Include="duilib\Utils\stb_image.c">
      <Filter>Source Files</Filter>
    </ClCompile>
    <ClCompile Include="duilib\Utils\UIDelegate.cpp">
      <Filter>Source Files</Filter>
    </ClCompile>
    <ClCompile Include="duilib\Utils\Utils.cpp">
      <Filter>Source Files</Filter>
    </ClCompile>
    <ClCompile Include="duilib\Utils\WinImplBase.cpp">
      <Filter>Source Files</Filter>
    </ClCompile>
    <ClCompile Include="duilib\Utils\WndShadow.cpp">
      <Filter>Source Files</Filter>
    </ClCompile>
    <ClCompile Include="duilib\Utils\XUnzip.cpp">
      <Filter>Source Files</Filter>
    </ClCompile>
    <ClCompile Include="duilib\UIlib.cpp">
      <Filter>Source Files</Filter>
    </ClCompile>
    <ClCompile Include="log\log4z.cpp">
      <Filter>Source Files</Filter>
    </ClCompile>
    <ClCompile Include="UIApplication.cpp">
      <Filter>Source Files</Filter>
    </ClCompile>
    <ClCompile Include="UIWindow.cpp">
      <Filter>Source Files</Filter>
    </ClCompile>
    <ClCompile Include="base\RefBase.cpp">
      <Filter>Source Files</Filter>
    </ClCompile>
  </ItemGroup>
</Project>